{
  "name": "@processengine/nominal-beneficiaries-rules",
  "version": "0.6.1",
  "lockfileVersion": 3,
  "requires": true,
  "packages": {
    "": {
      "name": "@processengine/nominal-beneficiaries-rules",
      "version": "0.6.1",
      "license": "UNLICENSED",
      "dependencies": {
        "jsonspecs": "^2.1.0"
      },
      "devDependencies": {
        "@processengine/rules": "2.1.0"
      }
    },
    "node_modules/@processengine/rules": {
      "version": "2.1.0",
      "resolved": "https://registry.npmjs.org/@processengine/rules/-/rules-2.1.0.tgz",
      "integrity": "sha512-7jdbtB2ObZ17z4ccus/tm7vIzbrWNBuW06fB7n8eYmUC8MiWrP8TnQf7xyDVOuwk6EgO5SWeHuOj4ijz2YC1Zw==",
      "dev": true,
      "license": "MIT",
      "engines": {
        "node": ">=20.19.0"
      }
    },
    "node_modules/jsonspecs": {
      "version": "2.1.1",
      "resolved": "https://registry.npmjs.org/jsonspecs/-/jsonspecs-2.1.1.tgz",
      "integrity": "sha512-nVz0k6GqzZc3TT9ufhutkHtu6OXiB4Ws4iBPkeEuxBoIPI+bbgbgjWqGRRivXXgBYEJhPsraUKQfwsJB6McfTw==",
      "license": "MIT",
      "engines": {
        "node": ">=20"
      }
    }
  }
}
